
Microsoft Visual Studio Solution File, Format Version 12.00
# Visual Studio Version 16
VisualStudioVersion = 16.0.29920.165
MinimumVisualStudioVersion = 10.0.40219.1
Project("{FAE04EC0-301F-11D3-BF4B-00C04F79EFBC}") = "FitnessTracker.Android", "FitnessTracker\FitnessTracker.Android\FitnessTracker.Android.csproj", "{EBF4D9F5-F2CC-45E2-BFF5-3EB7497DDA66}"
EndProject
Project("{FAE04EC0-301F-11D3-BF4B-00C04F79EFBC}") = "FitnessTracker.iOS", "FitnessTracker\FitnessTracker.iOS\FitnessTracker.iOS.csproj", "{E2499F6B-6C83-47AE-BF49-1EA4F85BE3C6}"
EndProject
Project("{FAE04EC0-301F-11D3-BF4B-00C04F79EFBC}") = "FitnessTracker", "FitnessTracker\FitnessTracker\FitnessTracker.csproj", "{79E36133-1D45-4433-A2F9-BCB357C412EB}"
EndProject
Global
	GlobalSection(SolutionConfigurationPlatforms) = preSolution
		Debug|Any CPU = Debug|Any CPU
		Debug|iPhone = Debug|iPhone
		Debug|iPhoneSimulator = Debug|iPhoneSimulator
		Release|Any CPU = Release|Any CPU
		Release|iPhone = Release|iPhone
		Release|iPhoneSimulator = Release|iPhoneSimulator
	EndGlobalSection
	GlobalSection(ProjectConfigurationPlatforms) = postSolution
		{EBF4D9F5-F2CC-45E2-BFF5-3EB7497DDA66}.Debug|Any CPU.ActiveCfg = Debug|Any CPU
		{EBF4D9F5-F2CC-45E2-BFF5-3EB7497DDA66}.Debug|Any CPU.Build.0 = Debug|Any CPU
		{EBF4D9F5-F2CC-45E2-BFF5-3EB7497DDA66}.Debug|Any CPU.Deploy.0 = Debug|Any CPU
		{EBF4D9F5-F2CC-45E2-BFF5-3EB7497DDA66}.Debug|iPhone.ActiveCfg = Debug|Any CPU
		{EBF4D9F5-F2CC-45E2-BFF5-3EB7497DDA66}.Debug|iPhone.Build.0 = Debug|Any CPU
		{EBF4D9F5-F2CC-45E2-BFF5-3EB7497DDA66}.Debug|iPhone.Deploy.0 = Debug|Any CPU
		{EBF4D9F5-F2CC-45E2-BFF5-3EB7497DDA66}.Debug|iPhoneSimulator.ActiveCfg = Debug|Any CPU
		{EBF4D9F5-F2CC-45E2-BFF5-3EB7497DDA66}.Debug|iPhoneSimulator.Build.0 = Debug|Any CPU
		{EBF4D9F5-F2CC-45E2-BFF5-3EB7497DDA66}.Debug|iPhoneSimulator.Deploy.0 = Debug|Any CPU
		{EBF4D9F5-F2CC-45E2-BFF5-3EB7497DDA66}.Release|Any CPU.ActiveCfg = Release|Any CPU
		{EBF4D9F5-F2CC-45E2-BFF5-3EB7497DDA66}.Release|Any CPU.Build.0 = Release|Any CPU
		{EBF4D9F5-F2CC-45E2-BFF5-3EB7497DDA66}.Release|Any CPU.Deploy.0 = Release|Any CPU
		{EBF4D9F5-F2CC-45E2-BFF5-3EB7497DDA66}.Release|iPhone.ActiveCfg = Release|Any CPU
		{EBF4D9F5-F2CC-45E2-BFF5-3EB7497DDA66}.Release|iPhone.Build.0 = Release|Any CPU
		{EBF4D9F5-F2CC-45E2-BFF5-3EB7497DDA66}.Release|iPhone.Deploy.0 = Release|Any CPU
		{EBF4D9F5-F2CC-45E2-BFF5-3EB7497DDA66}.Release|iPhoneSimulator.ActiveCfg = Release|Any CPU
		{EBF4D9F5-F2CC-45E2-BFF5-3EB7497DDA66}.Release|iPhoneSimulator.Build.0 = Release|Any CPU
		{EBF4D9F5-F2CC-45E2-BFF5-3EB7497DDA66}.Release|iPhoneSimulator.Deploy.0 = Release|Any CPU
		{E2499F6B-6C83-47AE-BF49-1EA4F85BE3C6}.Debug|Any CPU.ActiveCfg = Debug|iPhone
		{E2499F6B-6C83-47AE-BF49-1EA4F85BE3C6}.Debug|Any CPU.Build.0 = Debug|iPhone
		{E2499F6B-6C83-47AE-BF49-1EA4F85BE3C6}.Debug|Any CPU.Deploy.0 = Debug|iPhone
		{E2499F6B-6C83-47AE-BF49-1EA4F85BE3C6}.Debug|iPhone.ActiveCfg = Debug|iPhone
		{E2499F6B-6C83-47AE-BF49-1EA4F85BE3C6}.Debug|iPhone.Build.0 = Debug|iPhone
		{E2499F6B-6C83-47AE-BF49-1EA4F85BE3C6}.Debug|iPhone.Deploy.0 = Debug|iPhone
		{E2499F6B-6C83-47AE-BF49-1EA4F85BE3C6}.Debug|iPhoneSimulator.ActiveCfg = Debug|iPhoneSimulator
		{E2499F6B-6C83-47AE-BF49-1EA4F85BE3C6}.Debug|iPhoneSimulator.Build.0 = Debug|iPhoneSimulator
		{E2499F6B-6C83-47AE-BF49-1EA4F85BE3C6}.Debug|iPhoneSimulator.Deploy.0 = Debug|iPhoneSimulator
		{E2499F6B-6C83-47AE-BF49-1EA4F85BE3C6}.Release|Any CPU.ActiveCfg = Release|iPhone
		{E2499F6B-6C83-47AE-BF49-1EA4F85BE3C6}.Release|Any CPU.Build.0 = Release|iPhone
		{E2499F6B-6C83-47AE-BF49-1EA4F85BE3C6}.Release|Any CPU.Deploy.0 = Release|iPhone
		{E2499F6B-6C83-47AE-BF49-1EA4F85BE3C6}.Release|iPhone.ActiveCfg = Release|iPhone
		{E2499F6B-6C83-47AE-BF49-1EA4F85BE3C6}.Release|iPhone.Build.0 = Release|iPhone
		{E2499F6B-6C83-47AE-BF49-1EA4F85BE3C6}.Release|iPhone.Deploy.0 = Release|iPhone
		{E2499F6B-6C83-47AE-BF49-1EA4F85BE3C6}.Release|iPhoneSimulator.ActiveCfg = Release|iPhoneSimulator
		{E2499F6B-6C83-47AE-BF49-1EA4F85BE3C6}.Release|iPhoneSimulator.Build.0 = Release|iPhoneSimulator
		{E2499F6B-6C83-47AE-BF49-1EA4F85BE3C6}.Release|iPhoneSimulator.Deploy.0 = Release|iPhoneSimulator
		{79E36133-1D45-4433-A2F9-BCB357C412EB}.Debug|Any CPU.ActiveCfg = Debug|Any CPU
		{79E36133-1D45-4433-A2F9-BCB357C412EB}.Debug|Any CPU.Build.0 = Debug|Any CPU
		{79E36133-1D45-4433-A2F9-BCB357C412EB}.Debug|Any CPU.Deploy.0 = Debug|Any CPU
		{79E36133-1D45-4433-A2F9-BCB357C412EB}.Debug|iPhone.ActiveCfg = Debug|Any CPU
		{79E36133-1D45-4433-A2F9-BCB357C412EB}.Debug|iPhone.Build.0 = Debug|Any CPU
		{79E36133-1D45-4433-A2F9-BCB357C412EB}.Debug|iPhone.Deploy.0 = Debug|Any CPU
		{79E36133-1D45-4433-A2F9-BCB357C412EB}.Debug|iPhoneSimulator.ActiveCfg = Debug|Any CPU
		{79E36133-1D45-4433-A2F9-BCB357C412EB}.Debug|iPhoneSimulator.Build.0 = Debug|Any CPU
		{79E36133-1D45-4433-A2F9-BCB357C412EB}.Debug|iPhoneSimulator.Deploy.0 = Debug|Any CPU
		{79E36133-1D45-4433-A2F9-BCB357C412EB}.Release|Any CPU.ActiveCfg = Release|Any CPU
		{79E36133-1D45-4433-A2F9-BCB357C412EB}.Release|Any CPU.Build.0 = Release|Any CPU
		{79E36133-1D45-4433-A2F9-BCB357C412EB}.Release|Any CPU.Deploy.0 = Release|Any CPU
		{79E36133-1D45-4433-A2F9-BCB357C412EB}.Release|iPhone.ActiveCfg = Release|Any CPU
		{79E36133-1D45-4433-A2F9-BCB357C412EB}.Release|iPhone.Build.0 = Release|Any CPU
		{79E36133-1D45-4433-A2F9-BCB357C412EB}.Release|iPhone.Deploy.0 = Release|Any CPU
		{79E36133-1D45-4433-A2F9-BCB357C412EB}.Release|iPhoneSimulator.ActiveCfg = Release|Any CPU
		{79E36133-1D45-4433-A2F9-BCB357C412EB}.Release|iPhoneSimulator.Build.0 = Release|Any CPU
		{79E36133-1D45-4433-A2F9-BCB357C412EB}.Release|iPhoneSimulator.Deploy.0 = Release|Any CPU
	EndGlobalSection
	GlobalSection(SolutionProperties) = preSolution
		HideSolutionNode = FALSE
	EndGlobalSection
	GlobalSection(ExtensibilityGlobals) = postSolution
		SolutionGuid = {60B0DF59-FAE4-4FB2-BA21-0C048D601723}
	EndGlobalSection
EndGlobal
